# This file is automatically @generated by Cargo.
# It is not intended for manual editing.
version = 4

[[package]]
name = "kite-ast"
version = "0.1.0"
dependencies = [
 "kite-span",
]

[[package]]
name = "kite-codegen-kbc"
version = "0.1.0"
dependencies = [
 "kite-mir",
 "kite-types",
]

[[package]]
name = "kite-diag"
version = "0.1.0"
dependencies = [
 "kite-span",
]

[[package]]
name = "kite-driver"
version = "0.1.0"
dependencies = [
 "kite-ast",
 "kite-codegen-kbc",
 "kite-diag",
 "kite-hir",
 "kite-lexer",
 "kite-mir",
 "kite-parser",
 "kite-resolve",
 "kite-span",
 "kite-types",
 "kite-vm",
]

[[package]]
name = "kite-hir"
version = "0.1.0"
dependencies = [
 "kite-resolve",
 "kite-span",
 "kite-types",
]

[[package]]
name = "kite-lexer"
version = "0.1.0"
dependencies = [
 "kite-diag",
 "kite-span",
 "unicode-ident",
]

[[package]]
name = "kite-mir"
version = "0.1.0"
dependencies = [
 "kite-hir",
 "kite-span",
 "kite-types",
]

[[package]]
name = "kite-parser"
version = "0.1.0"
dependencies = [
 "kite-ast",
 "kite-diag",
 "kite-lexer",
 "kite-span",
]

[[package]]
name = "kite-resolve"
version = "0.1.0"
dependencies = [
 "kite-ast",
 "kite-diag",
 "kite-span",
]

[[package]]
name = "kite-span"
version = "0.1.0"

[[package]]
name = "kite-types"
version = "0.1.0"
dependencies = [
 "kite-ast",
 "kite-diag",
 "kite-resolve",
 "kite-span",
]

[[package]]
name = "kite-vm"
version = "0.1.0"
dependencies = [
 "kite-codegen-kbc",
]

[[package]]
name = "kitec"
version = "0.1.0"
dependencies = [
 "kite-diag",
 "kite-driver",
 "kite-span",
]

[[package]]
name = "unicode-ident"
version = "1.0.24"
source = "registry+https://github.com/rust-lang/crates.io-index"
checksum = "e6e4313cd5fcd3dad5cafa179702e2b244f760991f45397d14d4ebf38247da75"
